Microsoft Visual Studio Solution File, Format Version 12.00
# Visual Studio Version 17
VisualStudioVersion = 17.5.2.0
MinimumVisualStudioVersion = 10.0.40219.1
Project("{FAE04EC0-301F-11D3-BF4B-00C04F79EFBC}") = "prova-tecnica-mais-tecnologia-back-end", "prova-tecnica-mais-tecnologia-back-end.csproj", "{159C1944-5311-20D8-4ABA-7A2A615134A0}"
EndProject
Global
	GlobalSection(SolutionConfigurationPlatforms) = preSolution
		Debug|Any CPU = Debug|Any CPU
		Release|Any CPU = Release|Any CPU
	EndGlobalSection
	GlobalSection(ProjectConfigurationPlatforms) = postSolution
		{159C1944-5311-20D8-4ABA-7A2A615134A0}.Debug|Any CPU.ActiveCfg = Debug|Any CPU
		{159C1944-5311-20D8-4ABA-7A2A615134A0}.Debug|Any CPU.Build.0 = Debug|Any CPU
		{159C1944-5311-20D8-4ABA-7A2A615134A0}.Release|Any CPU.ActiveCfg = Release|Any CPU
		{159C1944-5311-20D8-4ABA-7A2A615134A0}.Release|Any CPU.Build.0 = Release|Any CPU
	EndGlobalSection
	GlobalSection(SolutionProperties) = preSolution
		HideSolutionNode = FALSE
	EndGlobalSection
	GlobalSection(ExtensibilityGlobals) = postSolution
		SolutionGuid = {85DC96A3-5F24-431A-8578-4465FF29D0BC}
	EndGlobalSection
EndGlobal
